
Microsoft Visual Studio Solution File, Format Version 12.00
# Visual Studio Version 17
VisualStudioVersion = 17.0.32014.148
MinimumVisualStudioVersion = 10.0.40219.1
Project("{9A19103F-16F7-4668-BE54-9A1E7A4F7556}") = "Konatsu.API", "Konatsu.API\Konatsu.API.csproj", "{F4CEC881-1BD1-4B9D-896E-57428B0FF8D6}"
EndProject
Project("{9A19103F-16F7-4668-BE54-9A1E7A4F7556}") = "Konatsu.Web", "Konatsu.Web\Konatsu.Web.csproj", "{3CAC62C1-5660-4AFA-9C84-C98FCA5DA718}"
EndProject
Project("{FAE04EC0-301F-11D3-BF4B-00C04F79EFBC}") = "Konatsu.SPA", "Konatsu.SPA\Konatsu.SPA.csproj", "{7DCE5647-CDBD-42F9-B963-2CFCB7FE9909}"
EndProject
Global
	GlobalSection(SolutionConfigurationPlatforms) = preSolution
		Debug|Any CPU = Debug|Any CPU
		Release|Any CPU = Release|Any CPU
	EndGlobalSection
	GlobalSection(ProjectConfigurationPlatforms) = postSolution
		{F4CEC881-1BD1-4B9D-896E-57428B0FF8D6}.Debug|Any CPU.ActiveCfg = Debug|Any CPU
		{F4CEC881-1BD1-4B9D-896E-57428B0FF8D6}.Debug|Any CPU.Build.0 = Debug|Any CPU
		{F4CEC881-1BD1-4B9D-896E-57428B0FF8D6}.Release|Any CPU.ActiveCfg = Release|Any CPU
		{F4CEC881-1BD1-4B9D-896E-57428B0FF8D6}.Release|Any CPU.Build.0 = Release|Any CPU
		{3CAC62C1-5660-4AFA-9C84-C98FCA5DA718}.Debug|Any CPU.ActiveCfg = Debug|Any CPU
		{3CAC62C1-5660-4AFA-9C84-C98FCA5DA718}.Debug|Any CPU.Build.0 = Debug|Any CPU
		{3CAC62C1-5660-4AFA-9C84-C98FCA5DA718}.Release|Any CPU.ActiveCfg = Release|Any CPU
		{3CAC62C1-5660-4AFA-9C84-C98FCA5DA718}.Release|Any CPU.Build.0 = Release|Any CPU
		{7DCE5647-CDBD-42F9-B963-2CFCB7FE9909}.Debug|Any CPU.ActiveCfg = Debug|Any CPU
		{7DCE5647-CDBD-42F9-B963-2CFCB7FE9909}.Debug|Any CPU.Build.0 = Debug|Any CPU
		{7DCE5647-CDBD-42F9-B963-2CFCB7FE9909}.Release|Any CPU.ActiveCfg = Release|Any CPU
		{7DCE5647-CDBD-42F9-B963-2CFCB7FE9909}.Release|Any CPU.Build.0 = Release|Any CPU
	EndGlobalSection
	GlobalSection(SolutionProperties) = preSolution
		HideSolutionNode = FALSE
	EndGlobalSection
	GlobalSection(ExtensibilityGlobals) = postSolution
		SolutionGuid = {78772D23-69EB-4A67-8A94-4B6B39E9E3F6}
	EndGlobalSection
EndGlobal
